
Microsoft Visual Studio Solution File, Format Version 12.00
# Visual Studio Version 16
VisualStudioVersion = 16.0.30804.86
MinimumVisualStudioVersion = 10.0.40219.1
Project("{9A19103F-16F7-4668-BE54-9A1E7A4F7556}") = "WPF", "WPF\WPF.csproj", "{692AB37A-9B54-4E50-8704-0509C0B50FF4}"
EndProject
Project("{9A19103F-16F7-4668-BE54-9A1E7A4F7556}") = "WPF.DataAccess", "WPF.DataAccess\WPF.DataAccess.csproj", "{B443D523-785C-4CA3-BB71-95ADD69BA495}"
EndProject
Project("{9A19103F-16F7-4668-BE54-9A1E7A4F7556}") = "WPF.Model", "WPF.Model\WPF.Model.csproj", "{A0ABED92-7A65-473D-83A5-4DF7641DE60B}"
EndProject
Project("{FAE04EC0-301F-11D3-BF4B-00C04F79EFBC}") = "WPFTempTest", "WPFTempTest\WPFTempTest.csproj", "{95F25A42-501E-4502-9744-4ED2B3DA00B6}"
EndProject
Global
	GlobalSection(SolutionConfigurationPlatforms) = preSolution
		Debug|Any CPU = Debug|Any CPU
		Release|Any CPU = Release|Any CPU
	EndGlobalSection
	GlobalSection(ProjectConfigurationPlatforms) = postSolution
		{692AB37A-9B54-4E50-8704-0509C0B50FF4}.Debug|Any CPU.ActiveCfg = Debug|Any CPU
		{692AB37A-9B54-4E50-8704-0509C0B50FF4}.Debug|Any CPU.Build.0 = Debug|Any CPU
		{692AB37A-9B54-4E50-8704-0509C0B50FF4}.Release|Any CPU.ActiveCfg = Release|Any CPU
		{692AB37A-9B54-4E50-8704-0509C0B50FF4}.Release|Any CPU.Build.0 = Release|Any CPU
		{B443D523-785C-4CA3-BB71-95ADD69BA495}.Debug|Any CPU.ActiveCfg = Debug|Any CPU
		{B443D523-785C-4CA3-BB71-95ADD69BA495}.Debug|Any CPU.Build.0 = Debug|Any CPU
		{B443D523-785C-4CA3-BB71-95ADD69BA495}.Release|Any CPU.ActiveCfg = Release|Any CPU
		{B443D523-785C-4CA3-BB71-95ADD69BA495}.Release|Any CPU.Build.0 = Release|Any CPU
		{A0ABED92-7A65-473D-83A5-4DF7641DE60B}.Debug|Any CPU.ActiveCfg = Debug|Any CPU
		{A0ABED92-7A65-473D-83A5-4DF7641DE60B}.Debug|Any CPU.Build.0 = Debug|Any CPU
		{A0ABED92-7A65-473D-83A5-4DF7641DE60B}.Release|Any CPU.ActiveCfg = Release|Any CPU
		{A0ABED92-7A65-473D-83A5-4DF7641DE60B}.Release|Any CPU.Build.0 = Release|Any CPU
		{95F25A42-501E-4502-9744-4ED2B3DA00B6}.Debug|Any CPU.ActiveCfg = Debug|Any CPU
		{95F25A42-501E-4502-9744-4ED2B3DA00B6}.Debug|Any CPU.Build.0 = Debug|Any CPU
		{95F25A42-501E-4502-9744-4ED2B3DA00B6}.Release|Any CPU.ActiveCfg = Release|Any CPU
		{95F25A42-501E-4502-9744-4ED2B3DA00B6}.Release|Any CPU.Build.0 = Release|Any CPU
	EndGlobalSection
	GlobalSection(SolutionProperties) = preSolution
		HideSolutionNode = FALSE
	EndGlobalSection
	GlobalSection(ExtensibilityGlobals) = postSolution
		SolutionGuid = {EAC18C4D-529D-470A-81DC-9669428CC27A}
	EndGlobalSection
EndGlobal
